
Microsoft Visual Studio Solution File, Format Version 12.00
# Visual Studio Version 17
VisualStudioVersion = 17.0.31903.59
MinimumVisualStudioVersion = 10.0.40219.1
Project("{FAE04EC0-301F-11D3-BF4B-00C04F79EFBC}") = "HabitTracker2", "HabitTracker2.csproj", "{B9046BD4-17EA-4AAC-ADB1-A994F238996F}"
EndProject
Global
	GlobalSection(SolutionConfigurationPlatforms) = preSolution
		Debug|Any CPU = Debug|Any CPU
		Release|Any CPU = Release|Any CPU
	EndGlobalSection
	GlobalSection(SolutionProperties) = preSolution
		HideSolutionNode = FALSE
	EndGlobalSection
	GlobalSection(ProjectConfigurationPlatforms) = postSolution
		{B9046BD4-17EA-4AAC-ADB1-A994F238996F}.Debug|Any CPU.ActiveCfg = Debug|Any CPU
		{B9046BD4-17EA-4AAC-ADB1-A994F238996F}.Debug|Any CPU.Build.0 = Debug|Any CPU
		{B9046BD4-17EA-4AAC-ADB1-A994F238996F}.Release|Any CPU.ActiveCfg = Release|Any CPU
		{B9046BD4-17EA-4AAC-ADB1-A994F238996F}.Release|Any CPU.Build.0 = Release|Any CPU
	EndGlobalSection
EndGlobal
